
Microsoft Visual Studio Solution File, Format Version 12.00
# Visual Studio Version 17
VisualStudioVersion = 17.0.31903.59
MinimumVisualStudioVersion = 10.0.40219.1
Project("{2150E333-8FDC-42A3-9474-1A3956D46DE8}") = "src", "src", "{827E0CD3-B72D-47B6-A68D-7590B98EB39B}"
EndProject
Project("{FAE04EC0-301F-11D3-BF4B-00C04F79EFBC}") = "FinPilot.Api", "src\FinPilot.Api\FinPilot.Api.csproj", "{AF5DEEDE-24F4-42DF-AAF7-A5F8ACC1BFE6}"
EndProject
Project("{FAE04EC0-301F-11D3-BF4B-00C04F79EFBC}") = "FinPilot.Application", "src\FinPilot.Application\FinPilot.Application.csproj", "{F2B5B73A-5518-4D64-B178-9DE4285089A5}"
EndProject
Project("{FAE04EC0-301F-11D3-BF4B-00C04F79EFBC}") = "FinPilot.Domain", "src\FinPilot.Domain\FinPilot.Domain.csproj", "{011B7862-B71D-48FB-8CD4-DDF4249AC0E9}"
EndProject
Project("{FAE04EC0-301F-11D3-BF4B-00C04F79EFBC}") = "FinPilot.Infrastructure", "src\FinPilot.Infrastructure\FinPilot.Infrastructure.csproj", "{C7CA581C-90A5-442C-AAC1-B2EAF6FC8763}"
EndProject
Project("{2150E333-8FDC-42A3-9474-1A3956D46DE8}") = "tests", "tests", "{0AB3BF05-4346-4AA6-1389-037BE0695223}"
EndProject
Project("{FAE04EC0-301F-11D3-BF4B-00C04F79EFBC}") = "FinPilot.UnitTests", "tests\FinPilot.UnitTests\FinPilot.UnitTests.csproj", "{1BCB8EF9-EE67-46A7-BEF8-ECB48F5FCF8A}"
EndProject
Project("{FAE04EC0-301F-11D3-BF4B-00C04F79EFBC}") = "FinPilot.IntegrationTests", "tests\FinPilot.IntegrationTests\FinPilot.IntegrationTests.csproj", "{A5E3095A-5EA0-4C30-AC12-7084594251EA}"
EndProject
Global
	GlobalSection(SolutionConfigurationPlatforms) = preSolution
		Debug|Any CPU = Debug|Any CPU
		Debug|x64 = Debug|x64
		Debug|x86 = Debug|x86
		Release|Any CPU = Release|Any CPU
		Release|x64 = Release|x64
		Release|x86 = Release|x86
	EndGlobalSection
	GlobalSection(ProjectConfigurationPlatforms) = postSolution
		{AF5DEEDE-24F4-42DF-AAF7-A5F8ACC1BFE6}.Debug|Any CPU.ActiveCfg = Debug|Any CPU
		{AF5DEEDE-24F4-42DF-AAF7-A5F8ACC1BFE6}.Debug|Any CPU.Build.0 = Debug|Any CPU
		{AF5DEEDE-24F4-42DF-AAF7-A5F8ACC1BFE6}.Debug|x64.ActiveCfg = Debug|Any CPU
		{AF5DEEDE-24F4-42DF-AAF7-A5F8ACC1BFE6}.Debug|x64.Build.0 = Debug|Any CPU
		{AF5DEEDE-24F4-42DF-AAF7-A5F8ACC1BFE6}.Debug|x86.ActiveCfg = Debug|Any CPU
		{AF5DEEDE-24F4-42DF-AAF7-A5F8ACC1BFE6}.Debug|x86.Build.0 = Debug|Any CPU
		{AF5DEEDE-24F4-42DF-AAF7-A5F8ACC1BFE6}.Release|Any CPU.ActiveCfg = Release|Any CPU
		{AF5DEEDE-24F4-42DF-AAF7-A5F8ACC1BFE6}.Release|Any CPU.Build.0 = Release|Any CPU
		{AF5DEEDE-24F4-42DF-AAF7-A5F8ACC1BFE6}.Release|x64.ActiveCfg = Release|Any CPU
		{AF5DEEDE-24F4-42DF-AAF7-A5F8ACC1BFE6}.Release|x64.Build.0 = Release|Any CPU
		{AF5DEEDE-24F4-42DF-AAF7-A5F8ACC1BFE6}.Release|x86.ActiveCfg = Release|Any CPU
		{AF5DEEDE-24F4-42DF-AAF7-A5F8ACC1BFE6}.Release|x86.Build.0 = Release|Any CPU
		{F2B5B73A-5518-4D64-B178-9DE4285089A5}.Debug|Any CPU.ActiveCfg = Debug|Any CPU
		{F2B5B73A-5518-4D64-B178-9DE4285089A5}.Debug|Any CPU.Build.0 = Debug|Any CPU
		{F2B5B73A-5518-4D64-B178-9DE4285089A5}.Debug|x64.ActiveCfg = Debug|Any CPU
		{F2B5B73A-5518-4D64-B178-9DE4285089A5}.Debug|x64.Build.0 = Debug|Any CPU
		{F2B5B73A-5518-4D64-B178-9DE4285089A5}.Debug|x86.ActiveCfg = Debug|Any CPU
		{F2B5B73A-5518-4D64-B178-9DE4285089A5}.Debug|x86.Build.0 = Debug|Any CPU
		{F2B5B73A-5518-4D64-B178-9DE4285089A5}.Release|Any CPU.ActiveCfg = Release|Any CPU
		{F2B5B73A-5518-4D64-B178-9DE4285089A5}.Release|Any CPU.Build.0 = Release|Any CPU
		{F2B5B73A-5518-4D64-B178-9DE4285089A5}.Release|x64.ActiveCfg = Release|Any CPU
		{F2B5B73A-5518-4D64-B178-9DE4285089A5}.Release|x64.Build.0 = Release|Any CPU
		{F2B5B73A-5518-4D64-B178-9DE4285089A5}.Release|x86.ActiveCfg = Release|Any CPU
		{F2B5B73A-5518-4D64-B178-9DE4285089A5}.Release|x86.Build.0 = Release|Any CPU
		{011B7862-B71D-48FB-8CD4-DDF4249AC0E9}.Debug|Any CPU.ActiveCfg = Debug|Any CPU
		{011B7862-B71D-48FB-8CD4-DDF4249AC0E9}.Debug|Any CPU.Build.0 = Debug|Any CPU
		{011B7862-B71D-48FB-8CD4-DDF4249AC0E9}.Debug|x64.ActiveCfg = Debug|Any CPU
		{011B7862-B71D-48FB-8CD4-DDF4249AC0E9}.Debug|x64.Build.0 = Debug|Any CPU
		{011B7862-B71D-48FB-8CD4-DDF4249AC0E9}.Debug|x86.ActiveCfg = Debug|Any CPU
		{011B7862-B71D-48FB-8CD4-DDF4249AC0E9}.Debug|x86.Build.0 = Debug|Any CPU
		{011B7862-B71D-48FB-8CD4-DDF4249AC0E9}.Release|Any CPU.ActiveCfg = Release|Any CPU
		{011B7862-B71D-48FB-8CD4-DDF4249AC0E9}.Release|Any CPU.Build.0 = Release|Any CPU
		{011B7862-B71D-48FB-8CD4-DDF4249AC0E9}.Release|x64.ActiveCfg = Release|Any CPU
		{011B7862-B71D-48FB-8CD4-DDF4249AC0E9}.Release|x64.Build.0 = Release|Any CPU
		{011B7862-B71D-48FB-8CD4-DDF4249AC0E9}.Release|x86.ActiveCfg = Release|Any CPU
		{011B7862-B71D-48FB-8CD4-DDF4249AC0E9}.Release|x86.Build.0 = Release|Any CPU
		{C7CA581C-90A5-442C-AAC1-B2EAF6FC8763}.Debug|Any CPU.ActiveCfg = Debug|Any CPU
		{C7CA581C-90A5-442C-AAC1-B2EAF6FC8763}.Debug|Any CPU.Build.0 = Debug|Any CPU
		{C7CA581C-90A5-442C-AAC1-B2EAF6FC8763}.Debug|x64.ActiveCfg = Debug|Any CPU
		{C7CA581C-90A5-442C-AAC1-B2EAF6FC8763}.Debug|x64.Build.0 = Debug|Any CPU
		{C7CA581C-90A5-442C-AAC1-B2EAF6FC8763}.Debug|x86.ActiveCfg = Debug|Any CPU
		{C7CA581C-90A5-442C-AAC1-B2EAF6FC8763}.Debug|x86.Build.0 = Debug|Any CPU
		{C7CA581C-90A5-442C-AAC1-B2EAF6FC8763}.Release|Any CPU.ActiveCfg = Release|Any CPU
		{C7CA581C-90A5-442C-AAC1-B2EAF6FC8763}.Release|Any CPU.Build.0 = Release|Any CPU
		{C7CA581C-90A5-442C-AAC1-B2EAF6FC8763}.Release|x64.ActiveCfg = Release|Any CPU
		{C7CA581C-90A5-442C-AAC1-B2EAF6FC8763}.Release|x64.Build.0 = Release|Any CPU
		{C7CA581C-90A5-442C-AAC1-B2EAF6FC8763}.Release|x86.ActiveCfg = Release|Any CPU
		{C7CA581C-90A5-442C-AAC1-B2EAF6FC8763}.Release|x86.Build.0 = Release|Any CPU
		{1BCB8EF9-EE67-46A7-BEF8-ECB48F5FCF8A}.Debug|Any CPU.ActiveCfg = Debug|Any CPU
		{1BCB8EF9-EE67-46A7-BEF8-ECB48F5FCF8A}.Debug|Any CPU.Build.0 = Debug|Any CPU
		{1BCB8EF9-EE67-46A7-BEF8-ECB48F5FCF8A}.Debug|x64.ActiveCfg = Debug|Any CPU
		{1BCB8EF9-EE67-46A7-BEF8-ECB48F5FCF8A}.Debug|x64.Build.0 = Debug|Any CPU
		{1BCB8EF9-EE67-46A7-BEF8-ECB48F5FCF8A}.Debug|x86.ActiveCfg = Debug|Any CPU
		{1BCB8EF9-EE67-46A7-BEF8-ECB48F5FCF8A}.Debug|x86.Build.0 = Debug|Any CPU
		{1BCB8EF9-EE67-46A7-BEF8-ECB48F5FCF8A}.Release|Any CPU.ActiveCfg = Release|Any CPU
		{1BCB8EF9-EE67-46A7-BEF8-ECB48F5FCF8A}.Release|Any CPU.Build.0 = Release|Any CPU
		{1BCB8EF9-EE67-46A7-BEF8-ECB48F5FCF8A}.Release|x64.ActiveCfg = Release|Any CPU
		{1BCB8EF9-EE67-46A7-BEF8-ECB48F5FCF8A}.Release|x64.Build.0 = Release|Any CPU
		{1BCB8EF9-EE67-46A7-BEF8-ECB48F5FCF8A}.Release|x86.ActiveCfg = Release|Any CPU
		{1BCB8EF9-EE67-46A7-BEF8-ECB48F5FCF8A}.Release|x86.Build.0 = Release|Any CPU
		{A5E3095A-5EA0-4C30-AC12-7084594251EA}.Debug|Any CPU.ActiveCfg = Debug|Any CPU
		{A5E3095A-5EA0-4C30-AC12-7084594251EA}.Debug|Any CPU.Build.0 = Debug|Any CPU
		{A5E3095A-5EA0-4C30-AC12-7084594251EA}.Debug|x64.ActiveCfg = Debug|Any CPU
		{A5E3095A-5EA0-4C30-AC12-7084594251EA}.Debug|x64.Build.0 = Debug|Any CPU
		{A5E3095A-5EA0-4C30-AC12-7084594251EA}.Debug|x86.ActiveCfg = Debug|Any CPU
		{A5E3095A-5EA0-4C30-AC12-7084594251EA}.Debug|x86.Build.0 = Debug|Any CPU
		{A5E3095A-5EA0-4C30-AC12-7084594251EA}.Release|Any CPU.ActiveCfg = Release|Any CPU
		{A5E3095A-5EA0-4C30-AC12-7084594251EA}.Release|Any CPU.Build.0 = Release|Any CPU
		{A5E3095A-5EA0-4C30-AC12-7084594251EA}.Release|x64.ActiveCfg = Release|Any CPU
		{A5E3095A-5EA0-4C30-AC12-7084594251EA}.Release|x64.Build.0 = Release|Any CPU
		{A5E3095A-5EA0-4C30-AC12-7084594251EA}.Release|x86.ActiveCfg = Release|Any CPU
		{A5E3095A-5EA0-4C30-AC12-7084594251EA}.Release|x86.Build.0 = Release|Any CPU
	EndGlobalSection
	GlobalSection(SolutionProperties) = preSolution
		HideSolutionNode = FALSE
	EndGlobalSection
	GlobalSection(NestedProjects) = preSolution
		{AF5DEEDE-24F4-42DF-AAF7-A5F8ACC1BFE6} = {827E0CD3-B72D-47B6-A68D-7590B98EB39B}
		{F2B5B73A-5518-4D64-B178-9DE4285089A5} = {827E0CD3-B72D-47B6-A68D-7590B98EB39B}
		{011B7862-B71D-48FB-8CD4-DDF4249AC0E9} = {827E0CD3-B72D-47B6-A68D-7590B98EB39B}
		{C7CA581C-90A5-442C-AAC1-B2EAF6FC8763} = {827E0CD3-B72D-47B6-A68D-7590B98EB39B}
		{1BCB8EF9-EE67-46A7-BEF8-ECB48F5FCF8A} = {0AB3BF05-4346-4AA6-1389-037BE0695223}
		{A5E3095A-5EA0-4C30-AC12-7084594251EA} = {0AB3BF05-4346-4AA6-1389-037BE0695223}
	EndGlobalSection
EndGlobal
